{
  "nodes": {
    "matrix-next": {
      "inputs": {
        "nixpkgs-lib": "nixpkgs-lib"
      },
      "locked": {
        "lastModified": 1674198693,
        "narHash": "sha256-xjIJ4LinPNbV+0UYwhCldWUiL1e/B+hN4SR8cxOvxZA=",
        "owner": "dali99",
        "repo": "nixos-matrix-modules",
        "rev": "07e95170e8887b918c288c9751e46d3e0b6ab34f",
        "type": "github"
      },
      "original": {
        "owner": "dali99",
        "repo": "nixos-matrix-modules",
        "type": "github"
      }
    },
    "nixpkgs": {
      "locked": {
        "lastModified": 1675237434,
        "narHash": "sha256-YoFR0vyEa1HXufLNIFgOGhIFMRnY6aZ0IepZF5cYemo=",
        "owner": "NixOS",
        "repo": "nixpkgs",
        "rev": "285b3ff0660640575186a4086e1f8dc0df2874b5",
        "type": "github"
      },
      "original": {
        "owner": "NixOS",
        "ref": "nixos-22.11-small",
        "repo": "nixpkgs",
        "type": "github"
      }
    },
    "nixpkgs-lib": {
      "locked": {
        "lastModified": 1673743903,
        "narHash": "sha256-sloY6KYyVOozJ1CkbgJPpZ99TKIjIvM+04V48C04sMQ=",
        "owner": "nix-community",
        "repo": "nixpkgs.lib",
        "rev": "7555e2dfcbac1533f047021f1744ac8871150f9f",
        "type": "github"
      },
      "original": {
        "owner": "nix-community",
        "repo": "nixpkgs.lib",
        "type": "github"
      }
    },
    "nixpkgs-stable": {
      "locked": {
        "lastModified": 1674352297,
        "narHash": "sha256-OkAnJPrauEcUCrst4/3DKoQfUn2gXKuU6CFvhtMrLgg=",
        "owner": "NixOS",
        "repo": "nixpkgs",
        "rev": "918b760070bb8f48cb511300fcd7e02e13058a2e",
        "type": "github"
      },
      "original": {
        "owner": "NixOS",
        "ref": "release-22.11",
        "repo": "nixpkgs",
        "type": "github"
      }
    },
    "root": {
      "inputs": {
        "matrix-next": "matrix-next",
        "nixpkgs": "nixpkgs",
        "sops-nix": "sops-nix",
        "unstable": "unstable"
      }
    },
    "sops-nix": {
      "inputs": {
        "nixpkgs": [
          "nixpkgs"
        ],
        "nixpkgs-stable": "nixpkgs-stable"
      },
      "locked": {
        "lastModified": 1674546403,
        "narHash": "sha256-vkyNv0xzXuEnu9v52TUtRugNmQWIti8c2RhYnbLG71w=",
        "owner": "Mic92",
        "repo": "sops-nix",
        "rev": "b6ab3c61e2ca5e07d1f4eb1b67304e2670ea230c",
        "type": "github"
      },
      "original": {
        "owner": "Mic92",
        "repo": "sops-nix",
        "type": "github"
      }
    },
    "unstable": {
      "locked": {
        "lastModified": 1675246915,
        "narHash": "sha256-q3E67PIRNQyWKtg43grNYYAZT/ik9oyOsRvHYah0iJQ=",
        "owner": "NixOS",
        "repo": "nixpkgs",
        "rev": "55fbb1d20ce4350aae11bba71844796549175ab1",
        "type": "github"
      },
      "original": {
        "owner": "NixOS",
        "ref": "nixos-unstable-small",
        "repo": "nixpkgs",
        "type": "github"
      }
    }
  },
  "root": "root",
  "version": 7
}
