{
  "nodes": {
    "devshell": {
      "inputs": {
        "nixpkgs": [
          "nix-topology",
          "nixpkgs"
        ]
      },
      "locked": {
        "lastModified": 1728330715,
        "narHash": "sha256-xRJ2nPOXb//u1jaBnDP56M7v5ldavjbtR6lfGqSvcKg=",
        "owner": "numtide",
        "repo": "devshell",
        "rev": "dd6b80932022cea34a019e2bb32f6fa9e494dfef",
        "type": "github"
      },
      "original": {
        "owner": "numtide",
        "repo": "devshell",
        "type": "github"
      }
    },
    "disko": {
      "inputs": {
        "nixpkgs": [
          "nixpkgs"
        ]
      },
      "locked": {
        "lastModified": 1736864502,
        "narHash": "sha256-ItkIZyebGvNH2dK9jVGzJHGPtb6BSWLN8Gmef16NeY0=",
        "owner": "nix-community",
        "repo": "disko",
        "rev": "0141aabed359f063de7413f80d906e1d98c0c123",
        "type": "github"
      },
      "original": {
        "owner": "nix-community",
        "ref": "v1.11.0",
        "repo": "disko",
        "type": "github"
      }
    },
    "flake-compat": {
      "flake": false,
      "locked": {
        "lastModified": 1696426674,
        "narHash": "sha256-kvjfFW7WAETZlt09AgDn1MrtKzP7t90Vf7vypd3OL1U=",
        "owner": "edolstra",
        "repo": "flake-compat",
        "rev": "0f9255e01c2351cc7d116c072cb317785dd33b33",
        "type": "github"
      },
      "original": {
        "owner": "edolstra",
        "repo": "flake-compat",
        "type": "github"
      }
    },
    "flake-utils": {
      "inputs": {
        "systems": "systems"
      },
      "locked": {
        "lastModified": 1726560853,
        "narHash": "sha256-X6rJYSESBVr3hBoH0WbKE5KvhPU5bloyZ2L4K60/fPQ=",
        "owner": "numtide",
        "repo": "flake-utils",
        "rev": "c1dfcf08411b08f6b8615f7d8971a2bfa81d5e8a",
        "type": "github"
      },
      "original": {
        "owner": "numtide",
        "repo": "flake-utils",
        "type": "github"
      }
    },
    "gergle": {
      "inputs": {
        "nixpkgs": [
          "nixpkgs"
        ]
      },
      "locked": {
        "lastModified": 1764868579,
        "narHash": "sha256-rfTUOIc0wnC4+19gLVfPbHfXx/ilfuUix6bWY+yaM2U=",
        "ref": "main",
        "rev": "9c923d1d50daa6a3b28c3214ad2300bfaf6c8fcd",
        "revCount": 22,
        "type": "git",
        "url": "https://git.pvv.ntnu.no/Grzegorz/gergle.git"
      },
      "original": {
        "ref": "main",
        "type": "git",
        "url": "https://git.pvv.ntnu.no/Grzegorz/gergle.git"
      }
    },
    "gitignore": {
      "inputs": {
        "nixpkgs": [
          "nix-topology",
          "pre-commit-hooks",
          "nixpkgs"
        ]
      },
      "locked": {
        "lastModified": 1709087332,
        "narHash": "sha256-HG2cCnktfHsKV0s4XW83gU3F57gaTljL9KNSuG6bnQs=",
        "owner": "hercules-ci",
        "repo": "gitignore.nix",
        "rev": "637db329424fd7e46cf4185293b9cc8c88c95394",
        "type": "github"
      },
      "original": {
        "owner": "hercules-ci",
        "repo": "gitignore.nix",
        "type": "github"
      }
    },
    "greg-ng": {
      "inputs": {
        "nixpkgs": [
          "nixpkgs"
        ],
        "rust-overlay": "rust-overlay"
      },
      "locked": {
        "lastModified": 1765760377,
        "narHash": "sha256-2+lgzUjVas9hPSeWn52MwuX+iidMN4RkzkHo4vrGmR8=",
        "ref": "main",
        "rev": "f340dc5b9c9f3b75b7aca41f56f8869b9e28cf8c",
        "revCount": 58,
        "type": "git",
        "url": "https://git.pvv.ntnu.no/Grzegorz/greg-ng.git"
      },
      "original": {
        "ref": "main",
        "type": "git",
        "url": "https://git.pvv.ntnu.no/Grzegorz/greg-ng.git"
      }
    },
    "grzegorz-clients": {
      "inputs": {
        "nixpkgs": [
          "nixpkgs"
        ]
      },
      "locked": {
        "lastModified": 1764867811,
        "narHash": "sha256-UWHiwr8tIcGcVxMLvAdNxDbQ8QuHf3REHboyxvFkYEI=",
        "ref": "master",
        "rev": "c9983e947efe047ea9d6f97157a1f90e49d0eab3",
        "revCount": 81,
        "type": "git",
        "url": "https://git.pvv.ntnu.no/Grzegorz/grzegorz-clients.git"
      },
      "original": {
        "ref": "master",
        "type": "git",
        "url": "https://git.pvv.ntnu.no/Grzegorz/grzegorz-clients.git"
      }
    },
    "matrix-next": {
      "inputs": {
        "nixpkgs": [
          "nixpkgs"
        ]
      },
      "locked": {
        "lastModified": 1764844095,
        "narHash": "sha256-Drf1orxsmFDzO+UbPo85gHjXW7QzAM+6oTPvI7vOSik=",
        "owner": "dali99",
        "repo": "nixos-matrix-modules",
        "rev": "25b9f31ef1dbc3987b4c716de716239f2b283701",
        "type": "github"
      },
      "original": {
        "owner": "dali99",
        "ref": "v0.8.0",
        "repo": "nixos-matrix-modules",
        "type": "github"
      }
    },
    "minecraft-heatmap": {
      "inputs": {
        "nixpkgs": [
          "nixpkgs"
        ],
        "rust-overlay": "rust-overlay_2"
      },
      "locked": {
        "lastModified": 1766407405,
        "narHash": "sha256-UEJ8F8/oG70biWRrGbL5/aB7OXzzvnYs+jxkR07UHvA=",
        "ref": "main",
        "rev": "e719840f72ca1b0cd169562a3a0de69899821de0",
        "revCount": 16,
        "type": "git",
        "url": "https://git.pvv.ntnu.no/Projects/minecraft-heatmap.git"
      },
      "original": {
        "ref": "main",
        "type": "git",
        "url": "https://git.pvv.ntnu.no/Projects/minecraft-heatmap.git"
      }
    },
    "minecraft-kartverket": {
      "inputs": {
        "nixpkgs": [
          "nixpkgs"
        ]
      },
      "locked": {
        "lastModified": 1765904683,
        "narHash": "sha256-uXM56y5n5GWpCiCNdKlTcCAy2IntgDB21c4gBDU30io=",
        "ref": "main",
        "rev": "6fae27b1659efb6774cf08a4e36ed29ab0e24105",
        "revCount": 26,
        "type": "git",
        "url": "https://git.pvv.ntnu.no/Projects/minecraft-kartverket.git"
      },
      "original": {
        "ref": "main",
        "type": "git",
        "url": "https://git.pvv.ntnu.no/Projects/minecraft-kartverket.git"
      }
    },
    "nix-gitea-themes": {
      "inputs": {
        "nixpkgs": [
          "nixpkgs"
        ]
      },
      "locked": {
        "lastModified": 1743881366,
        "narHash": "sha256-ScGA2IHPk9ugf9bqEZnp+YB/OJgrkZblnG/XLEKvJAo=",
        "ref": "main",
        "rev": "db2e4becf1b11e5dfd33de12a90a7d089fcf68ec",
        "revCount": 11,
        "type": "git",
        "url": "https://git.pvv.ntnu.no/Drift/nix-gitea-themes.git"
      },
      "original": {
        "ref": "main",
        "type": "git",
        "url": "https://git.pvv.ntnu.no/Drift/nix-gitea-themes.git"
      }
    },
    "nix-topology": {
      "inputs": {
        "devshell": "devshell",
        "flake-utils": "flake-utils",
        "nixpkgs": [
          "nixpkgs"
        ],
        "pre-commit-hooks": "pre-commit-hooks"
      },
      "locked": {
        "lastModified": 1765969653,
        "narHash": "sha256-qVpQxyvdByeDfb+d+jhbyNna2Ie+w85iHpt4Qu0rv/E=",
        "owner": "oddlama",
        "repo": "nix-topology",
        "rev": "0ed73e5a1b65eb8ed388d070ebe8dedb9182f466",
        "type": "github"
      },
      "original": {
        "owner": "oddlama",
        "ref": "main",
        "repo": "nix-topology",
        "type": "github"
      }
    },
    "nixpkgs": {
      "locked": {
        "lastModified": 1767043167,
        "narHash": "sha256-wN04/SL+8tV0D2HBIgt9dpX/03U18xoJ+8PT+dcn30E=",
        "rev": "0b43a6ee07997a6e319e92dcbf276c2736506944",
        "type": "tarball",
        "url": "https://releases.nixos.org/nixos/25.11-small/nixos-25.11.2789.0b43a6ee0799/nixexprs.tar.xz"
      },
      "original": {
        "type": "tarball",
        "url": "https://nixos.org/channels/nixos-25.11-small/nixexprs.tar.xz"
      }
    },
    "nixpkgs-unstable": {
      "locked": {
        "lastModified": 1767031366,
        "narHash": "sha256-SJz8tVEnXusU8OzN5ixAXQgzXv8fNIzp9ztzUyobh4s=",
        "rev": "d23fedd87fcd067b1d160323fae0d0e4f995527d",
        "type": "tarball",
        "url": "https://releases.nixos.org/nixos/unstable-small/nixos-26.05pre918279.d23fedd87fcd/nixexprs.tar.xz"
      },
      "original": {
        "type": "tarball",
        "url": "https://nixos.org/channels/nixos-unstable-small/nixexprs.tar.xz"
      }
    },
    "pre-commit-hooks": {
      "inputs": {
        "flake-compat": "flake-compat",
        "gitignore": "gitignore",
        "nixpkgs": [
          "nix-topology",
          "nixpkgs"
        ],
        "nixpkgs-stable": [
          "nix-topology",
          "nixpkgs"
        ]
      },
      "locked": {
        "lastModified": 1730797577,
        "narHash": "sha256-SrID5yVpyUfknUTGWgYkTyvdr9J1LxUym4om3SVGPkg=",
        "owner": "cachix",
        "repo": "pre-commit-hooks.nix",
        "rev": "1864030ed24a2b8b4e4d386a5eeaf0c5369e50a9",
        "type": "github"
      },
      "original": {
        "owner": "cachix",
        "repo": "pre-commit-hooks.nix",
        "type": "github"
      }
    },
    "pvv-calendar-bot": {
      "inputs": {
        "nixpkgs": [
          "nixpkgs"
        ]
      },
      "locked": {
        "lastModified": 1764869785,
        "narHash": "sha256-FGTIpC7gB4lbeL0bfYzn1Ge0PaCpd7VqWBLhJBx0i4A=",
        "ref": "main",
        "rev": "8ce7fb0b1918bdb3d1489a40d73895693955e8b2",
        "revCount": 23,
        "type": "git",
        "url": "https://git.pvv.ntnu.no/Projects/calendar-bot.git"
      },
      "original": {
        "ref": "main",
        "type": "git",
        "url": "https://git.pvv.ntnu.no/Projects/calendar-bot.git"
      }
    },
    "pvv-nettsiden": {
      "inputs": {
        "nixpkgs": [
          "nixpkgs"
        ]
      },
      "locked": {
        "lastModified": 1767080188,
        "narHash": "sha256-BmyPuWeSQ9XREyi0KSerWRfJndmyzHNJLysBJld/KwA=",
        "ref": "main",
        "rev": "08a216f4473e26aa2a5349e72633c0ab24e8ffbd",
        "revCount": 534,
        "type": "git",
        "url": "https://git.pvv.ntnu.no/Projects/nettsiden.git"
      },
      "original": {
        "ref": "main",
        "type": "git",
        "url": "https://git.pvv.ntnu.no/Projects/nettsiden.git"
      }
    },
    "root": {
      "inputs": {
        "disko": "disko",
        "gergle": "gergle",
        "greg-ng": "greg-ng",
        "grzegorz-clients": "grzegorz-clients",
        "matrix-next": "matrix-next",
        "minecraft-heatmap": "minecraft-heatmap",
        "minecraft-kartverket": "minecraft-kartverket",
        "nix-gitea-themes": "nix-gitea-themes",
        "nix-topology": "nix-topology",
        "nixpkgs": "nixpkgs",
        "nixpkgs-unstable": "nixpkgs-unstable",
        "pvv-calendar-bot": "pvv-calendar-bot",
        "pvv-nettsiden": "pvv-nettsiden",
        "roowho2": "roowho2",
        "sops-nix": "sops-nix"
      }
    },
    "roowho2": {
      "inputs": {
        "nixpkgs": [
          "nixpkgs"
        ],
        "rust-overlay": "rust-overlay_3"
      },
      "locked": {
        "lastModified": 1767669800,
        "narHash": "sha256-b1r1VSDBTRuxYHZVV4his8KhafAqNcWlAZBLOX1UORg=",
        "ref": "main",
        "rev": "369d37513c85855751f406191fbd493a2461f072",
        "revCount": 33,
        "type": "git",
        "url": "https://git.pvv.ntnu.no/Projects/roowho2.git"
      },
      "original": {
        "ref": "main",
        "type": "git",
        "url": "https://git.pvv.ntnu.no/Projects/roowho2.git"
      }
    },
    "rust-overlay": {
      "inputs": {
        "nixpkgs": [
          "greg-ng",
          "nixpkgs"
        ]
      },
      "locked": {
        "lastModified": 1765680428,
        "narHash": "sha256-fyPmRof9SZeI14ChPk5rVPOm7ISiiGkwGCunkhM+eUg=",
        "owner": "oxalica",
        "repo": "rust-overlay",
        "rev": "eb3898d8ef143d4bf0f7f2229105fc51c7731b2f",
        "type": "github"
      },
      "original": {
        "owner": "oxalica",
        "repo": "rust-overlay",
        "type": "github"
      }
    },
    "rust-overlay_2": {
      "inputs": {
        "nixpkgs": [
          "minecraft-heatmap",
          "nixpkgs"
        ]
      },
      "locked": {
        "lastModified": 1766371695,
        "narHash": "sha256-W7CX9vy7H2Jj3E8NI4djHyF8iHSxKpb2c/7uNQ/vGFU=",
        "owner": "oxalica",
        "repo": "rust-overlay",
        "rev": "d81285ba8199b00dc31847258cae3c655b605e8c",
        "type": "github"
      },
      "original": {
        "owner": "oxalica",
        "repo": "rust-overlay",
        "type": "github"
      }
    },
    "rust-overlay_3": {
      "inputs": {
        "nixpkgs": [
          "roowho2",
          "nixpkgs"
        ]
      },
      "locked": {
        "lastModified": 1767322002,
        "narHash": "sha256-yHKXXw2OWfIFsyTjduB4EyFwR0SYYF0hK8xI9z4NIn0=",
        "owner": "oxalica",
        "repo": "rust-overlay",
        "rev": "03c6e38661c02a27ca006a284813afdc461e9f7e",
        "type": "github"
      },
      "original": {
        "owner": "oxalica",
        "repo": "rust-overlay",
        "type": "github"
      }
    },
    "sops-nix": {
      "inputs": {
        "nixpkgs": [
          "nixpkgs"
        ]
      },
      "locked": {
        "lastModified": 1766894905,
        "narHash": "sha256-pn8AxxfajqyR/Dmr1wnZYdUXHgM3u6z9x0Z1Ijmz2UQ=",
        "owner": "Mic92",
        "repo": "sops-nix",
        "rev": "61b39c7b657081c2adc91b75dd3ad8a91d6f07a7",
        "type": "github"
      },
      "original": {
        "owner": "Mic92",
        "ref": "master",
        "repo": "sops-nix",
        "type": "github"
      }
    },
    "systems": {
      "locked": {
        "lastModified": 1681028828,
        "narHash": "sha256-Vy1rq5AaRuLzOxct8nz4T6wlgyUR7zLU309k9mBC768=",
        "owner": "nix-systems",
        "repo": "default",
        "rev": "da67096a3b9bf56a91d16901293e51ba5b49a27e",
        "type": "github"
      },
      "original": {
        "owner": "nix-systems",
        "repo": "default",
        "type": "github"
      }
    }
  },
  "root": "root",
  "version": 7
}
