{
  "nodes": {
    "disko": {
      "inputs": {
        "nixpkgs": [
          "nixpkgs"
        ]
      },
      "locked": {
        "lastModified": 1716431128,
        "narHash": "sha256-t3T8HlX3udO6f4ilLcN+j5eC3m2gqsouzSGiriKK6vk=",
        "owner": "nix-community",
        "repo": "disko",
        "rev": "7ffc4354dfeb37c8c725ae1465f04a9b45ec8606",
        "type": "github"
      },
      "original": {
        "owner": "nix-community",
        "repo": "disko",
        "type": "github"
      }
    },
    "fix-python": {
      "inputs": {
        "flake-utils": "flake-utils",
        "nixpkgs": [
          "grzegorz",
          "nixpkgs"
        ]
      },
      "locked": {
        "lastModified": 1713887124,
        "narHash": "sha256-hGTSm0p9xXUYDgsAAr/ORZICo6T6u33vLfX3tILikaQ=",
        "owner": "GuillaumeDesforges",
        "repo": "fix-python",
        "rev": "f7f4b33e22414071fc1f9cbf68072c413c3a7fdf",
        "type": "github"
      },
      "original": {
        "owner": "GuillaumeDesforges",
        "repo": "fix-python",
        "type": "github"
      }
    },
    "flake-utils": {
      "inputs": {
        "systems": "systems"
      },
      "locked": {
        "lastModified": 1689068808,
        "narHash": "sha256-6ixXo3wt24N/melDWjq70UuHQLxGV8jZvooRanIHXw0=",
        "owner": "numtide",
        "repo": "flake-utils",
        "rev": "919d646de7be200f3bf08cb76ae1f09402b6f9b4",
        "type": "github"
      },
      "original": {
        "id": "flake-utils",
        "type": "indirect"
      }
    },
    "grzegorz": {
      "inputs": {
        "fix-python": "fix-python",
        "nixpkgs": [
          "nixpkgs-unstable"
        ]
      },
      "locked": {
        "lastModified": 1716065905,
        "narHash": "sha256-08uhxBzfakfhl/ooc+gMzDupWKYvTeyQZwuvB1SBS7A=",
        "owner": "Programvareverkstedet",
        "repo": "grzegorz",
        "rev": "0481aef6553ae9aee86e4edb4ca0ed4f2eba2058",
        "type": "github"
      },
      "original": {
        "owner": "Programvareverkstedet",
        "repo": "grzegorz",
        "type": "github"
      }
    },
    "grzegorz-clients": {
      "inputs": {
        "nixpkgs": [
          "nixpkgs"
        ]
      },
      "locked": {
        "lastModified": 1716115695,
        "narHash": "sha256-aI65l4x+U5v3i/nfn6N3eW5IZodmf4pyAByE7vTJh8I=",
        "owner": "Programvareverkstedet",
        "repo": "grzegorz-clients",
        "rev": "b9444658fbb39cd1bf1c61ee5a1d5f0641c49abe",
        "type": "github"
      },
      "original": {
        "owner": "Programvareverkstedet",
        "repo": "grzegorz-clients",
        "type": "github"
      }
    },
    "matrix-next": {
      "inputs": {
        "nixpkgs": [
          "nixpkgs"
        ]
      },
      "locked": {
        "lastModified": 1717234745,
        "narHash": "sha256-MFyKRdw4WQD6V3vRGbP6MYbtJhZp712zwzjW6YiOBYM=",
        "owner": "dali99",
        "repo": "nixos-matrix-modules",
        "rev": "d7dc42c9bbb155c5e4aa2f0985d0df75ce978456",
        "type": "github"
      },
      "original": {
        "owner": "dali99",
        "ref": "v0.6.0",
        "repo": "nixos-matrix-modules",
        "type": "github"
      }
    },
    "nix-gitea-themes": {
      "inputs": {
        "nixpkgs": [
          "nixpkgs"
        ]
      },
      "locked": {
        "lastModified": 1714416973,
        "narHash": "sha256-aZUcvXjdETUC6wVQpWDVjLUzwpDAEca8yR0ITDeK39o=",
        "ref": "refs/heads/main",
        "rev": "2b23c0ba8aae68d3cb6789f0f6e4891cef26cc6d",
        "revCount": 6,
        "type": "git",
        "url": "https://git.pvv.ntnu.no/oysteikt/nix-gitea-themes.git"
      },
      "original": {
        "type": "git",
        "url": "https://git.pvv.ntnu.no/oysteikt/nix-gitea-themes.git"
      }
    },
    "nixpkgs": {
      "locked": {
        "lastModified": 1716586607,
        "narHash": "sha256-PzpeC/xi0+YTGJS5rdbcOqVgIryuWHkimMVXoCIidgA=",
        "owner": "NixOS",
        "repo": "nixpkgs",
        "rev": "03309929e115bba1339308814f8b6e63f250fedf",
        "type": "github"
      },
      "original": {
        "id": "nixpkgs",
        "ref": "nixos-24.05-small",
        "type": "indirect"
      }
    },
    "nixpkgs-stable": {
      "locked": {
        "lastModified": 1716061101,
        "narHash": "sha256-H0eCta7ahEgloGIwE/ihkyGstOGu+kQwAiHvwVoXaA0=",
        "owner": "NixOS",
        "repo": "nixpkgs",
        "rev": "e7cc61784ddf51c81487637b3031a6dd2d6673a2",
        "type": "github"
      },
      "original": {
        "owner": "NixOS",
        "ref": "release-23.11",
        "repo": "nixpkgs",
        "type": "github"
      }
    },
    "nixpkgs-unstable": {
      "locked": {
        "lastModified": 1716660083,
        "narHash": "sha256-QO7cdjtDhx72KEw6m0NOtuE5FS4asaRExZ65uFR/q8g=",
        "owner": "NixOS",
        "repo": "nixpkgs",
        "rev": "6de51d98ec2ae46730f11845e221aab9d2470a8a",
        "type": "github"
      },
      "original": {
        "id": "nixpkgs",
        "ref": "nixos-unstable-small",
        "type": "indirect"
      }
    },
    "pvv-calendar-bot": {
      "inputs": {
        "nixpkgs": [
          "nixpkgs"
        ]
      },
      "locked": {
        "lastModified": 1693136143,
        "narHash": "sha256-amHprjftc3y/bg8yf4hITCLa+ez5HIi0yGfR7TU6UIc=",
        "ref": "refs/heads/main",
        "rev": "a32894b305f042d561500f5799226afd1faf5abb",
        "revCount": 9,
        "type": "git",
        "url": "https://git.pvv.ntnu.no/Projects/calendar-bot.git"
      },
      "original": {
        "type": "git",
        "url": "https://git.pvv.ntnu.no/Projects/calendar-bot.git"
      }
    },
    "pvv-nettsiden": {
      "inputs": {
        "nixpkgs": [
          "nixpkgs"
        ]
      },
      "locked": {
        "lastModified": 1716150352,
        "narHash": "sha256-c13lzYbLmbrcbEdPTYZYtlX2Qsz1W+2sLsIMGShPgwo=",
        "ref": "refs/heads/master",
        "rev": "2cab4df4b119e08a1f90ea1c944652cd78b4d478",
        "revCount": 459,
        "type": "git",
        "url": "https://git.pvv.ntnu.no/Projects/nettsiden.git"
      },
      "original": {
        "type": "git",
        "url": "https://git.pvv.ntnu.no/Projects/nettsiden.git"
      }
    },
    "root": {
      "inputs": {
        "disko": "disko",
        "grzegorz": "grzegorz",
        "grzegorz-clients": "grzegorz-clients",
        "matrix-next": "matrix-next",
        "nix-gitea-themes": "nix-gitea-themes",
        "nixpkgs": "nixpkgs",
        "nixpkgs-unstable": "nixpkgs-unstable",
        "pvv-calendar-bot": "pvv-calendar-bot",
        "pvv-nettsiden": "pvv-nettsiden",
        "sops-nix": "sops-nix"
      }
    },
    "sops-nix": {
      "inputs": {
        "nixpkgs": [
          "nixpkgs"
        ],
        "nixpkgs-stable": "nixpkgs-stable"
      },
      "locked": {
        "lastModified": 1716400300,
        "narHash": "sha256-0lMkIk9h3AzOHs1dCL9RXvvN4PM8VBKb+cyGsqOKa4c=",
        "owner": "Mic92",
        "repo": "sops-nix",
        "rev": "b549832718b8946e875c016a4785d204fcfc2e53",
        "type": "github"
      },
      "original": {
        "owner": "Mic92",
        "repo": "sops-nix",
        "type": "github"
      }
    },
    "systems": {
      "locked": {
        "lastModified": 1681028828,
        "narHash": "sha256-Vy1rq5AaRuLzOxct8nz4T6wlgyUR7zLU309k9mBC768=",
        "owner": "nix-systems",
        "repo": "default",
        "rev": "da67096a3b9bf56a91d16901293e51ba5b49a27e",
        "type": "github"
      },
      "original": {
        "owner": "nix-systems",
        "repo": "default",
        "type": "github"
      }
    }
  },
  "root": "root",
  "version": 7
}
